// !$*UTF8*$!
{
	archiveVersion = 1;
	classes = {
	};
	objectVersion = 56;
	objects = {

/* Begin PBXBuildFile section */
		86C0481929F89BC1003E68FF /* AppDelegate.swift in Sources */ = {isa = PBXBuildFile; fileRef = 86C0481829F89BC1003E68FF /* AppDelegate.swift */; };
		86C0481B29F89BC1003E68FF /* SceneDelegate.swift in Sources */ = {isa = PBXBuildFile; fileRef = 86C0481A29F89BC1003E68FF /* SceneDelegate.swift */; };
		86C0481D29F89BC1003E68FF /* ViewController.swift in Sources */ = {isa = PBXBuildFile; fileRef = 86C0481C29F89BC1003E68FF /* ViewController.swift */; };
		86C0482029F89BC1003E68FF /* Main.storyboard in Resources */ = {isa = PBXBuildFile; fileRef = 86C0481E29F89BC1003E68FF /* Main.storyboard */; };
		86C0482229F89BC2003E68FF /* Assets.xcassets in Resources */ = {isa = PBXBuildFile; fileRef = 86C0482129F89BC2003E68FF /* Assets.xcassets */; };
		86C0482529F89BC2003E68FF /* LaunchScreen.storyboard in Resources */ = {isa = PBXBuildFile; fileRef = 86C0482329F89BC2003E68FF /* LaunchScreen.storyboard */; };
		86C0483029F89BC2003E68FF /* EventsAppTests.swift in Sources */ = {isa = PBXBuildFile; fileRef = 86C0482F29F89BC2003E68FF /* EventsAppTests.swift */; };
		86C0483A29F89BC2003E68FF /* EventsAppUITests.swift in Sources */ = {isa = PBXBuildFile; fileRef = 86C0483929F89BC2003E68FF /* EventsAppUITests.swift */; };
		86C0483C29F89BC2003E68FF /* EventsAppUITestsLaunchTests.swift in Sources */ = {isa = PBXBuildFile; fileRef = 86C0483B29F89BC2003E68FF /* EventsAppUITestsLaunchTests.swift */; };
/* End PBXBuildFile section */

/* Begin PBXContainerItemProxy section */
		86C0482C29F89BC2003E68FF /* PBXContainerItemProxy */ = {
			isa = PBXContainerItemProxy;
			containerPortal = 86C0480D29F89BC1003E68FF /* Project object */;
			proxyType = 1;
			remoteGlobalIDString = 86C0481429F89BC1003E68FF;
			remoteInfo = EventsApp;
		};
		86C0483629F89BC2003E68FF /* PBXContainerItemProxy */ = {
			isa = PBXContainerItemProxy;
			containerPortal = 86C0480D29F89BC1003E68FF /* Project object */;
			proxyType = 1;
			remoteGlobalIDString = 86C0481429F89BC1003E68FF;
			remoteInfo = EventsApp;
		};
/* End PBXContainerItemProxy section */

/* Begin PBXFileReference section */
		86C0481529F89BC1003E68FF /* EventsApp.app */ = {isa = PBXFileReference; explicitFileType = wrapper.application; includeInIndex = 0; path = EventsApp.app; sourceTree = BUILT_PRODUCTS_DIR; };
		86C0481829F89BC1003E68FF /* AppDelegate.swift */ = {isa = PBXFileReference; lastKnownFileType = sourcecode.swift; path = AppDelegate.swift; sourceTree = "<group>"; };
		86C0481A29F89BC1003E68FF /* SceneDelegate.swift */ = {isa = PBXFileReference; lastKnownFileType = sourcecode.swift; path = SceneDelegate.swift; sourceTree = "<group>"; };
		86C0481C29F89BC1003E68FF /* ViewController.swift */ = {isa = PBXFileReference; lastKnownFileType = sourcecode.swift; path = ViewController.swift; sourceTree = "<group>"; };
		86C0481F29F89BC1003E68FF /* Base */ = {isa = PBXFileReference; lastKnownFileType = file.storyboard; name = Base; path = Base.lproj/Main.storyboard; sourceTree = "<group>"; };
		86C0482129F89BC2003E68FF /* Assets.xcassets */ = {isa = PBXFileReference; lastKnownFileType = folder.assetcatalog; path = Assets.xcassets; sourceTree = "<group>"; };
		86C0482429F89BC2003E68FF /* Base */ = {isa = PBXFileReference; lastKnownFileType = file.storyboard; name = Base; path = Base.lproj/LaunchScreen.storyboard; sourceTree = "<group>"; };
		86C0482629F89BC2003E68FF /* Info.plist */ = {isa = PBXFileReference; lastKnownFileType = text.plist.xml; path = Info.plist; sourceTree = "<group>"; };
		86C0482B29F89BC2003E68FF /* EventsAppTests.xctest */ = {isa = PBXFileReference; explicitFileType = wrapper.cfbundle; includeInIndex = 0; path = EventsAppTests.xctest; sourceTree = BUILT_PRODUCTS_DIR; };
		86C0482F29F89BC2003E68FF /* EventsAppTests.swift */ = {isa = PBXFileReference; lastKnownFileType = sourcecode.swift; path = EventsAppTests.swift; sourceTree = "<group>"; };
		86C0483529F89BC2003E68FF /* EventsAppUITests.xctest */ = {isa = PBXFileReference; explicitFileType = wrapper.cfbundle; includeInIndex = 0; path = EventsAppUITests.xctest; sourceTree = BUILT_PRODUCTS_DIR; };
		86C0483929F89BC2003E68FF /* EventsAppUITests.swift */ = {isa = PBXFileReference; lastKnownFileType = sourcecode.swift; path = EventsAppUITests.swift; sourceTree = "<group>"; };
		86C0483B29F89BC2003E68FF /* EventsAppUITestsLaunchTests.swift */ = {isa = PBXFileReference; lastKnownFileType = sourcecode.swift; path = EventsAppUITestsLaunchTests.swift; sourceTree = "<group>"; };
/* End PBXFileReference section */

/* Begin PBXFrameworksBuildPhase section */
		86C0481229F89BC1003E68FF /* Frameworks */ = {
			isa = PBXFrameworksBuildPhase;
			buildActionMask = 2147483647;
			files = (
			);
			runOnlyForDeploymentPostprocessing = 0;
		};
		86C0482829F89BC2003E68FF /* Frameworks */ = {
			isa = PBXFrameworksBuildPhase;
			buildActionMask = 2147483647;
			files = (
			);
			runOnlyForDeploymentPostprocessing = 0;
		};
		86C0483229F89BC2003E68FF /* Frameworks */ = {
			isa = PBXFrameworksBuildPhase;
			buildActionMask = 2147483647;
			files = (
			);
			runOnlyForDeploymentPostprocessing = 0;
		};
/* End PBXFrameworksBuildPhase section */

/* Begin PBXGroup section */
		86C0480C29F89BC1003E68FF = {
			isa = PBXGroup;
			children = (
				86C0481729F89BC1003E68FF /* EventsApp */,
				86C0482E29F89BC2003E68FF /* EventsAppTests */,
				86C0483829F89BC2003E68FF /* EventsAppUITests */,
				86C0481629F89BC1003E68FF /* Products */,
			);
			sourceTree = "<group>";
		};
		86C0481629F89BC1003E68FF /* Products */ = {
			isa = PBXGroup;
			children = (
				86C0481529F89BC1003E68FF /* EventsApp.app */,
				86C0482B29F89BC2003E68FF /* EventsAppTests.xctest */,
				86C0483529F89BC2003E68FF /* EventsAppUITests.xctest */,
			);
			name = Products;
			sourceTree = "<group>";
		};
		86C0481729F89BC1003E68FF /* EventsApp */ = {
			isa = PBXGroup;
			children = (
				86C0481829F89BC1003E68FF /* AppDelegate.swift */,
				86C0481A29F89BC1003E68FF /* SceneDelegate.swift */,
				86C0481C29F89BC1003E68FF /* ViewController.swift */,
				86C0481E29F89BC1003E68FF /* Main.storyboard */,
				86C0482129F89BC2003E68FF /* Assets.xcassets */,
				86C0482329F89BC2003E68FF /* LaunchScreen.storyboard */,
				86C0482629F89BC2003E68FF /* Info.plist */,
			);
			path = EventsApp;
			sourceTree = "<group>";
		};
		86C0482E29F89BC2003E68FF /* EventsAppTests */ = {
			isa = PBXGroup;
			children = (
				86C0482F29F89BC2003E68FF /* EventsAppTests.swift */,
			);
			path = EventsAppTests;
			sourceTree = "<group>";
		};
		86C0483829F89BC2003E68FF /* EventsAppUITests */ = {
			isa = PBXGroup;
			children = (
				86C0483929F89BC2003E68FF /* EventsAppUITests.swift */,
				86C0483B29F89BC2003E68FF /* EventsAppUITestsLaunchTests.swift */,
			);
			path = EventsAppUITests;
			sourceTree = "<group>";
		};
/* End PBXGroup section */

/* Begin PBXNativeTarget section */
		86C0481429F89BC1003E68FF /* EventsApp */ = {
			isa = PBXNativeTarget;
			buildConfigurationList = 86C0483F29F89BC2003E68FF /* Build configuration list for PBXNativeTarget "EventsApp" */;
			buildPhases = (
				86C0481129F89BC1003E68FF /* Sources */,
				86C0481229F89BC1003E68FF /* Frameworks */,
				86C0481329F89BC1003E68FF /* Resources */,
			);
			buildRules = (
			);
			dependencies = (
			);
			name = EventsApp;
			productName = EventsApp;
			productReference = 86C0481529F89BC1003E68FF /* EventsApp.app */;
			productType = "com.apple.product-type.application";
		};
		86C0482A29F89BC2003E68FF /* EventsAppTests */ = {
			isa = PBXNativeTarget;
			buildConfigurationList = 86C0484229F89BC2003E68FF /* Build configuration list for PBXNativeTarget "EventsAppTests" */;
			buildPhases = (
				86C0482729F89BC2003E68FF /* Sources */,
				86C0482829F89BC2003E68FF /* Frameworks */,
				86C0482929F89BC2003E68FF /* Resources */,
			);
			buildRules = (
			);
			dependencies = (
				86C0482D29F89BC2003E68FF /* PBXTargetDependency */,
			);
			name = EventsAppTests;
			productName = EventsAppTests;
			productReference = 86C0482B29F89BC2003E68FF /* EventsAppTests.xctest */;
			productType = "com.apple.product-type.bundle.unit-test";
		};
		86C0483429F89BC2003E68FF /* EventsAppUITests */ = {
			isa = PBXNativeTarget;
			buildConfigurationList = 86C0484529F89BC2003E68FF /* Build configuration list for PBXNativeTarget "EventsAppUITests" */;
			buildPhases = (
				86C0483129F89BC2003E68FF /* Sources */,
				86C0483229F89BC2003E68FF /* Frameworks */,
				86C0483329F89BC2003E68FF /* Resources */,
			);
			buildRules = (
			);
			dependencies = (
				86C0483729F89BC2003E68FF /* PBXTargetDependency */,
			);
			name = EventsAppUITests;
			productName = EventsAppUITests;
			productReference = 86C0483529F89BC2003E68FF /* EventsAppUITests.xctest */;
			productType = "com.apple.product-type.bundle.ui-testing";
		};
/* End PBXNativeTarget section */

/* Begin PBXProject section */
		86C0480D29F89BC1003E68FF /* Project object */ = {
			isa = PBXProject;
			attributes = {
				BuildIndependentTargetsInParallel = 1;
				LastSwiftUpdateCheck = 1430;
				LastUpgradeCheck = 1430;
				TargetAttributes = {
					86C0481429F89BC1003E68FF = {
						CreatedOnToolsVersion = 14.3;
					};
					86C0482A29F89BC2003E68FF = {
						CreatedOnToolsVersion = 14.3;
						TestTargetID = 86C0481429F89BC1003E68FF;
					};
					86C0483429F89BC2003E68FF = {
						CreatedOnToolsVersion = 14.3;
						TestTargetID = 86C0481429F89BC1003E68FF;
					};
				};
			};
			buildConfigurationList = 86C0481029F89BC1003E68FF /* Build configuration list for PBXProject "EventsApp" */;
			compatibilityVersion = "Xcode 14.0";
			developmentRegion = en;
			hasScannedForEncodings = 0;
			knownRegions = (
				en,
				Base,
			);
			mainGroup = 86C0480C29F89BC1003E68FF;
			productRefGroup = 86C0481629F89BC1003E68FF /* Products */;
			projectDirPath = "";
			projectRoot = "";
			targets = (
				86C0481429F89BC1003E68FF /* EventsApp */,
				86C0482A29F89BC2003E68FF /* EventsAppTests */,
				86C0483429F89BC2003E68FF /* EventsAppUITests */,
			);
		};
/* End PBXProject section */

/* Begin PBXResourcesBuildPhase section */
		86C0481329F89BC1003E68FF /* Resources */ = {
			isa = PBXResourcesBuildPhase;
			buildActionMask = 2147483647;
			files = (
				86C0482529F89BC2003E68FF /* LaunchScreen.storyboard in Resources */,
				86C0482229F89BC2003E68FF /* Assets.xcassets in Resources */,
				86C0482029F89BC1003E68FF /* Main.storyboard in Resources */,
			);
			runOnlyForDeploymentPostprocessing = 0;
		};
		86C0482929F89BC2003E68FF /* Resources */ = {
			isa = PBXResourcesBuildPhase;
			buildActionMask = 2147483647;
			files = (
			);
			runOnlyForDeploymentPostprocessing = 0;
		};
		86C0483329F89BC2003E68FF /* Resources */ = {
			isa = PBXResourcesBuildPhase;
			buildActionMask = 2147483647;
			files = (
			);
			runOnlyForDeploymentPostprocessing = 0;
		};
/* End PBXResourcesBuildPhase section */

/* Begin PBXSourcesBuildPhase section */
		86C0481129F89BC1003E68FF /* Sources */ = {
			isa = PBXSourcesBuildPhase;
			buildActionMask = 2147483647;
			files = (
				86C0481D29F89BC1003E68FF /* ViewController.swift in Sources */,
				86C0481929F89BC1003E68FF /* AppDelegate.swift in Sources */,
				86C0481B29F89BC1003E68FF /* SceneDelegate.swift in Sources */,
			);
			runOnlyForDeploymentPostprocessing = 0;
		};
		86C0482729F89BC2003E68FF /* Sources */ = {
			isa = PBXSourcesBuildPhase;
			buildActionMask = 2147483647;
			files = (
				86C0483029F89BC2003E68FF /* EventsAppTests.swift in Sources */,
			);
			runOnlyForDeploymentPostprocessing = 0;
		};
		86C0483129F89BC2003E68FF /* Sources */ = {
			isa = PBXSourcesBuildPhase;
			buildActionMask = 2147483647;
			files = (
				86C0483A29F89BC2003E68FF /* EventsAppUITests.swift in Sources */,
				86C0483C29F89BC2003E68FF /* EventsAppUITestsLaunchTests.swift in Sources */,
			);
			runOnlyForDeploymentPostprocessing = 0;
		};
/* End PBXSourcesBuildPhase section */

/* Begin PBXTargetDependency section */
		86C0482D29F89BC2003E68FF /* PBXTargetDependency */ = {
			isa = PBXTargetDependency;
			target = 86C0481429F89BC1003E68FF /* EventsApp */;
			targetProxy = 86C0482C29F89BC2003E68FF /* PBXContainerItemProxy */;
		};
		86C0483729F89BC2003E68FF /* PBXTargetDependency */ = {
			isa = PBXTargetDependency;
			target = 86C0481429F89BC1003E68FF /* EventsApp */;
			targetProxy = 86C0483629F89BC2003E68FF /* PBXContainerItemProxy */;
		};
/* End PBXTargetDependency section */

/* Begin PBXVariantGroup section */
		86C0481E29F89BC1003E68FF /* Main.storyboard */ = {
			isa = PBXVariantGroup;
			children = (
				86C0481F29F89BC1003E68FF /* Base */,
			);
			name = Main.storyboard;
			sourceTree = "<group>";
		};
		86C0482329F89BC2003E68FF /* LaunchScreen.storyboard */ = {
			isa = PBXVariantGroup;
			children = (
				86C0482429F89BC2003E68FF /* Base */,
			);
			name = LaunchScreen.storyboard;
			sourceTree = "<group>";
		};
/* End PBXVariantGroup section */

/* Begin XCBuildConfiguration section */
		86C0483D29F89BC2003E68FF /* Debug */ = {
			isa = XCBuildConfiguration;
			buildSettings = {
				ALWAYS_SEARCH_USER_PATHS = NO;
				CLANG_ANALYZER_NONNULL = YES;
				CLANG_ANALYZER_NUMBER_OBJECT_CONVERSION = YES_AGGRESSIVE;
				CLANG_CXX_LANGUAGE_STANDARD = "gnu++20";
				CLANG_ENABLE_MODULES = YES;
				CLANG_ENABLE_OBJC_ARC = YES;
				CLANG_ENABLE_OBJC_WEAK = YES;
				CLANG_WARN_BLOCK_CAPTURE_AUTORELEASING = YES;
				CLANG_WARN_BOOL_CONVERSION = YES;
				CLANG_WARN_COMMA = YES;
				CLANG_WARN_CONSTANT_CONVERSION = YES;
				CLANG_WARN_DEPRECATED_OBJC_IMPLEMENTATIONS = YES;
				CLANG_WARN_DIRECT_OBJC_ISA_USAGE = YES_ERROR;
				CLANG_WARN_DOCUMENTATION_COMMENTS = YES;
				CLANG_WARN_EMPTY_BODY = YES;
				CLANG_WARN_ENUM_CONVERSION = YES;
				CLANG_WARN_INFINITE_RECURSION = YES;
				CLANG_WARN_INT_CONVERSION = YES;
				CLANG_WARN_NON_LITERAL_NULL_CONVERSION = YES;
				CLANG_WARN_OBJC_IMPLICIT_RETAIN_SELF = YES;
				CLANG_WARN_OBJC_LITERAL_CONVERSION = YES;
				CLANG_WARN_OBJC_ROOT_CLASS = YES_ERROR;
				CLANG_WARN_QUOTED_INCLUDE_IN_FRAMEWORK_HEADER = YES;
				CLANG_WARN_RANGE_LOOP_ANALYSIS = YES;
				CLANG_WARN_STRICT_PROTOTYPES = YES;
				CLANG_WARN_SUSPICIOUS_MOVE = YES;
				CLANG_WARN_UNGUARDED_AVAILABILITY = YES_AGGRESSIVE;
				CLANG_WARN_UNREACHABLE_CODE = YES;
				CLANG_WARN__DUPLICATE_METHOD_MATCH = YES;
				COPY_PHASE_STRIP = NO;
				DEBUG_INFORMATION_FORMAT = dwarf;
				ENABLE_STRICT_OBJC_MSGSEND = YES;
				ENABLE_TESTABILITY = YES;
				GCC_C_LANGUAGE_STANDARD = gnu11;
				GCC_DYNAMIC_NO_PIC = NO;
				GCC_NO_COMMON_BLOCKS = YES;
				GCC_OPTIMIZATION_LEVEL = 0;
				GCC_PREPROCESSOR_DEFINITIONS = (
					"DEBUG=1",
					"$(inherited)",
				);
				GCC_WARN_64_TO_32_BIT_CONVERSION = YES;
				GCC_WARN_ABOUT_RETURN_TYPE = YES_ERROR;
				GCC_WARN_UNDECLARED_SELECTOR = YES;
				GCC_WARN_UNINITIALIZED_AUTOS = YES_AGGRESSIVE;
				GCC_WARN_UNUSED_FUNCTION = YES;
				GCC_WARN_UNUSED_VARIABLE = YES;
				IPHONEOS_DEPLOYMENT_TARGET = 16.4;
				MTL_ENABLE_DEBUG_INFO = INCLUDE_SOURCE;
				MTL_FAST_MATH = YES;
				ONLY_ACTIVE_ARCH = YES;
				SDKROOT = iphoneos;
				SWIFT_ACTIVE_COMPILATION_CONDITIONS = DEBUG;
				SWIFT_OPTIMIZATION_LEVEL = "-Onone";
			};
			name = Debug;
		};
		86C0483E29F89BC2003E68FF /* Release */ = {
			isa = XCBuildConfiguration;
			buildSettings = {
				ALWAYS_SEARCH_USER_PATHS = NO;
				CLANG_ANALYZER_NONNULL = YES;
				CLANG_ANALYZER_NUMBER_OBJECT_CONVERSION = YES_AGGRESSIVE;
				CLANG_CXX_LANGUAGE_STANDARD = "gnu++20";
				CLANG_ENABLE_MODULES = YES;
				CLANG_ENABLE_OBJC_ARC = YES;
				CLANG_ENABLE_OBJC_WEAK = YES;
				CLANG_WARN_BLOCK_CAPTURE_AUTORELEASING = YES;
				CLANG_WARN_BOOL_CONVERSION = YES;
				CLANG_WARN_COMMA = YES;
				CLANG_WARN_CONSTANT_CONVERSION = YES;
				CLANG_WARN_DEPRECATED_OBJC_IMPLEMENTATIONS = YES;
				CLANG_WARN_DIRECT_OBJC_ISA_USAGE = YES_ERROR;
				CLANG_WARN_DOCUMENTATION_COMMENTS = YES;
				CLANG_WARN_EMPTY_BODY = YES;
				CLANG_WARN_ENUM_CONVERSION = YES;
				CLANG_WARN_INFINITE_RECURSION = YES;
				CLANG_WARN_INT_CONVERSION = YES;
				CLANG_WARN_NON_LITERAL_NULL_CONVERSION = YES;
				CLANG_WARN_OBJC_IMPLICIT_RETAIN_SELF = YES;
				CLANG_WARN_OBJC_LITERAL_CONVERSION = YES;
				CLANG_WARN_OBJC_ROOT_CLASS = YES_ERROR;
				CLANG_WARN_QUOTED_INCLUDE_IN_FRAMEWORK_HEADER = YES;
				CLANG_WARN_RANGE_LOOP_ANALYSIS = YES;
				CLANG_WARN_STRICT_PROTOTYPES = YES;
				CLANG_WARN_SUSPICIOUS_MOVE = YES;
				CLANG_WARN_UNGUARDED_AVAILABILITY = YES_AGGRESSIVE;
				CLANG_WARN_UNREACHABLE_CODE = YES;
				CLANG_WARN__DUPLICATE_METHOD_MATCH = YES;
				COPY_PHASE_STRIP = NO;
				DEBUG_INFORMATION_FORMAT = "dwarf-with-dsym";
				ENABLE_NS_ASSERTIONS = NO;
				ENABLE_STRICT_OBJC_MSGSEND = YES;
				GCC_C_LANGUAGE_STANDARD = gnu11;
				GCC_NO_COMMON_BLOCKS = YES;
				GCC_WARN_64_TO_32_BIT_CONVERSION = YES;
				GCC_WARN_ABOUT_RETURN_TYPE = YES_ERROR;
				GCC_WARN_UNDECLARED_SELECTOR = YES;
				GCC_WARN_UNINITIALIZED_AUTOS = YES_AGGRESSIVE;
				GCC_WARN_UNUSED_FUNCTION = YES;
				GCC_WARN_UNUSED_VARIABLE = YES;
				IPHONEOS_DEPLOYMENT_TARGET = 16.4;
				MTL_ENABLE_DEBUG_INFO = NO;
				MTL_FAST_MATH = YES;
				SDKROOT = iphoneos;
				SWIFT_COMPILATION_MODE = wholemodule;
				SWIFT_OPTIMIZATION_LEVEL = "-O";
				VALIDATE_PRODUCT = YES;
			};
			name = Release;
		};
		86C0484029F89BC2003E68FF /* Debug */ = {
			isa = XCBuildConfiguration;
			buildSettings = {
				ASSETCATALOG_COMPILER_APPICON_NAME = AppIcon;
				ASSETCATALOG_COMPILER_GLOBAL_ACCENT_COLOR_NAME = AccentColor;
				CODE_SIGN_STYLE = Automatic;
				CURRENT_PROJECT_VERSION = 1;
				DEVELOPMENT_TEAM = Z8C8PRSLQD;
				GENERATE_INFOPLIST_FILE = YES;
				INFOPLIST_FILE = EventsApp/Info.plist;
				INFOPLIST_KEY_UIApplicationSupportsIndirectInputEvents = YES;
				INFOPLIST_KEY_UILaunchStoryboardName = LaunchScreen;
				INFOPLIST_KEY_UIMainStoryboardFile = Main;
				INFOPLIST_KEY_UISupportedInterfaceOrientations_iPad = "UIInterfaceOrientationPortrait UIInterfaceOrientationPortraitUpsideDown UIInterfaceOrientationLandscapeLeft UIInterfaceOrientationLandscapeRight";
				INFOPLIST_KEY_UISupportedInterfaceOrientations_iPhone = "UIInterfaceOrientationPortrait UIInterfaceOrientationLandscapeLeft UIInterfaceOrientationLandscapeRight";
				LD_RUNPATH_SEARCH_PATHS = (
					"$(inherited)",
					"@executable_path/Frameworks",
				);
				MARKETING_VERSION = 1.0;
				PRODUCT_BUNDLE_IDENTIFIER = yessenia.ramos.EventsApp;
				PRODUCT_NAME = "$(TARGET_NAME)";
				SWIFT_EMIT_LOC_STRINGS = YES;
				SWIFT_VERSION = 5.0;
				TARGETED_DEVICE_FAMILY = "1,2";
			};
			name = Debug;
		};
		86C0484129F89BC2003E68FF /* Release */ = {
			isa = XCBuildConfiguration;
			buildSettings = {
				ASSETCATALOG_COMPILER_APPICON_NAME = AppIcon;
				ASSETCATALOG_COMPILER_GLOBAL_ACCENT_COLOR_NAME = AccentColor;
				CODE_SIGN_STYLE = Automatic;
				CURRENT_PROJECT_VERSION = 1;
				DEVELOPMENT_TEAM = Z8C8PRSLQD;
				GENERATE_INFOPLIST_FILE = YES;
				INFOPLIST_FILE = EventsApp/Info.plist;
				INFOPLIST_KEY_UIApplicationSupportsIndirectInputEvents = YES;
				INFOPLIST_KEY_UILaunchStoryboardName = LaunchScreen;
				INFOPLIST_KEY_UIMainStoryboardFile = Main;
				INFOPLIST_KEY_UISupportedInterfaceOrientations_iPad = "UIInterfaceOrientationPortrait UIInterfaceOrientationPortraitUpsideDown UIInterfaceOrientationLandscapeLeft UIInterfaceOrientationLandscapeRight";
				INFOPLIST_KEY_UISupportedInterfaceOrientations_iPhone = "UIInterfaceOrientationPortrait UIInterfaceOrientationLandscapeLeft UIInterfaceOrientationLandscapeRight";
				LD_RUNPATH_SEARCH_PATHS = (
					"$(inherited)",
					"@executable_path/Frameworks",
				);
				MARKETING_VERSION = 1.0;
				PRODUCT_BUNDLE_IDENTIFIER = yessenia.ramos.EventsApp;
				PRODUCT_NAME = "$(TARGET_NAME)";
				SWIFT_EMIT_LOC_STRINGS = YES;
				SWIFT_VERSION = 5.0;
				TARGETED_DEVICE_FAMILY = "1,2";
			};
			name = Release;
		};
		86C0484329F89BC2003E68FF /* Debug */ = {
			isa = XCBuildConfiguration;
			buildSettings = {
				ALWAYS_EMBED_SWIFT_STANDARD_LIBRARIES = YES;
				BUNDLE_LOADER = "$(TEST_HOST)";
				CODE_SIGN_STYLE = Automatic;
				CURRENT_PROJECT_VERSION = 1;
				DEVELOPMENT_TEAM = Z8C8PRSLQD;
				GENERATE_INFOPLIST_FILE = YES;
				IPHONEOS_DEPLOYMENT_TARGET = 16.4;
				MARKETING_VERSION = 1.0;
				PRODUCT_BUNDLE_IDENTIFIER = yessenia.ramos.EventsAppTests;
				PRODUCT_NAME = "$(TARGET_NAME)";
				SWIFT_EMIT_LOC_STRINGS = NO;
				SWIFT_VERSION = 5.0;
				TARGETED_DEVICE_FAMILY = "1,2";
				TEST_HOST = "$(BUILT_PRODUCTS_DIR)/EventsApp.app/$(BUNDLE_EXECUTABLE_FOLDER_PATH)/EventsApp";
			};
			name = Debug;
		};
		86C0484429F89BC2003E68FF /* Release */ = {
			isa = XCBuildConfiguration;
			buildSettings = {
				ALWAYS_EMBED_SWIFT_STANDARD_LIBRARIES = YES;
				BUNDLE_LOADER = "$(TEST_HOST)";
				CODE_SIGN_STYLE = Automatic;
				CURRENT_PROJECT_VERSION = 1;
				DEVELOPMENT_TEAM = Z8C8PRSLQD;
				GENERATE_INFOPLIST_FILE = YES;
				IPHONEOS_DEPLOYMENT_TARGET = 16.4;
				MARKETING_VERSION = 1.0;
				PRODUCT_BUNDLE_IDENTIFIER = yessenia.ramos.EventsAppTests;
				PRODUCT_NAME = "$(TARGET_NAME)";
				SWIFT_EMIT_LOC_STRINGS = NO;
				SWIFT_VERSION = 5.0;
				TARGETED_DEVICE_FAMILY = "1,2";
				TEST_HOST = "$(BUILT_PRODUCTS_DIR)/EventsApp.app/$(BUNDLE_EXECUTABLE_FOLDER_PATH)/EventsApp";
			};
			name = Release;
		};
		86C0484629F89BC2003E68FF /* Debug */ = {
			isa = XCBuildConfiguration;
			buildSettings = {
				ALWAYS_EMBED_SWIFT_STANDARD_LIBRARIES = YES;
				CODE_SIGN_STYLE = Automatic;
				CURRENT_PROJECT_VERSION = 1;
				DEVELOPMENT_TEAM = Z8C8PRSLQD;
				GENERATE_INFOPLIST_FILE = YES;
				MARKETING_VERSION = 1.0;
				PRODUCT_BUNDLE_IDENTIFIER = yessenia.ramos.EventsAppUITests;
				PRODUCT_NAME = "$(TARGET_NAME)";
				SWIFT_EMIT_LOC_STRINGS = NO;
				SWIFT_VERSION = 5.0;
				TARGETED_DEVICE_FAMILY = "1,2";
				TEST_TARGET_NAME = EventsApp;
			};
			name = Debug;
		};
		86C0484729F89BC2003E68FF /* Release */ = {
			isa = XCBuildConfiguration;
			buildSettings = {
				ALWAYS_EMBED_SWIFT_STANDARD_LIBRARIES = YES;
				CODE_SIGN_STYLE = Automatic;
				CURRENT_PROJECT_VERSION = 1;
				DEVELOPMENT_TEAM = Z8C8PRSLQD;
				GENERATE_INFOPLIST_FILE = YES;
				MARKETING_VERSION = 1.0;
				PRODUCT_BUNDLE_IDENTIFIER = yessenia.ramos.EventsAppUITests;
				PRODUCT_NAME = "$(TARGET_NAME)";
				SWIFT_EMIT_LOC_STRINGS = NO;
				SWIFT_VERSION = 5.0;
				TARGETED_DEVICE_FAMILY = "1,2";
				TEST_TARGET_NAME = EventsApp;
			};
			name = Release;
		};
/* End XCBuildConfiguration section */

/* Begin XCConfigurationList section */
		86C0481029F89BC1003E68FF /* Build configuration list for PBXProject "EventsApp" */ = {
			isa = XCConfigurationList;
			buildConfigurations = (
				86C0483D29F89BC2003E68FF /* Debug */,
				86C0483E29F89BC2003E68FF /* Release */,
			);
			defaultConfigurationIsVisible = 0;
			defaultConfigurationName = Release;
		};
		86C0483F29F89BC2003E68FF /* Build configuration list for PBXNativeTarget "EventsApp" */ = {
			isa = XCConfigurationList;
			buildConfigurations = (
				86C0484029F89BC2003E68FF /* Debug */,
				86C0484129F89BC2003E68FF /* Release */,
			);
			defaultConfigurationIsVisible = 0;
			defaultConfigurationName = Release;
		};
		86C0484229F89BC2003E68FF /* Build configuration list for PBXNativeTarget "EventsAppTests" */ = {
			isa = XCConfigurationList;
			buildConfigurations = (
				86C0484329F89BC2003E68FF /* Debug */,
				86C0484429F89BC2003E68FF /* Release */,
			);
			defaultConfigurationIsVisible = 0;
			defaultConfigurationName = Release;
		};
		86C0484529F89BC2003E68FF /* Build configuration list for PBXNativeTarget "EventsAppUITests" */ = {
			isa = XCConfigurationList;
			buildConfigurations = (
				86C0484629F89BC2003E68FF /* Debug */,
				86C0484729F89BC2003E68FF /* Release */,
			);
			defaultConfigurationIsVisible = 0;
			defaultConfigurationName = Release;
		};
/* End XCConfigurationList section */
	};
	rootObject = 86C0480D29F89BC1003E68FF /* Project object */;
}
