// !$*UTF8*$!
{
	archiveVersion = 1;
	classes = {
	};
	objectVersion = 56;
	objects = {

/* Begin PBXBuildFile section */
		8613DE932A3D16AB00D9F632 /* EventsCellBuilder.swift in Sources */ = {isa = PBXBuildFile; fileRef = 8613DE922A3D16AB00D9F632 /* EventsCellBuilder.swift */; };
		861A54DF2AE0EC7900226AC4 /* TimeRemainingStackView.swift in Sources */ = {isa = PBXBuildFile; fileRef = 861A54DE2AE0EC7900226AC4 /* TimeRemainingStackView.swift */; };
		861A54E12AE0EDA800226AC4 /* TimeRemainingViewModel.swift in Sources */ = {isa = PBXBuildFile; fileRef = 861A54E02AE0EDA800226AC4 /* TimeRemainingViewModel.swift */; };
		861DD6612A429BFA00C979EE /* EventCellViewModel.swift in Sources */ = {isa = PBXBuildFile; fileRef = 861DD6602A429BFA00C979EE /* EventCellViewModel.swift */; };
		8627B4DE29F9BCF000300796 /* EventListCoordinator.swift in Sources */ = {isa = PBXBuildFile; fileRef = 8627B4DD29F9BCF000300796 /* EventListCoordinator.swift */; };
		8627B4E029FB763100300796 /* EventListViewController.swift in Sources */ = {isa = PBXBuildFile; fileRef = 8627B4DF29FB763100300796 /* EventListViewController.swift */; };
		86320CF02A36882F00C173DE /* ImagePickerCoordinator.swift in Sources */ = {isa = PBXBuildFile; fileRef = 86320CEF2A36882F00C173DE /* ImagePickerCoordinator.swift */; };
		8637FD7D2AEB730A00442442 /* EditEventCoordinator.swift in Sources */ = {isa = PBXBuildFile; fileRef = 8637FD7C2AEB730A00442442 /* EditEventCoordinator.swift */; };
		86390A862A26CFE100D5AF99 /* AddEventCoordinator.swift in Sources */ = {isa = PBXBuildFile; fileRef = 865BA8842A205BBC00E231B2 /* AddEventCoordinator.swift */; };
		864EDE872AC8D80300B6D7EB /* UIImage+Extensions.swift in Sources */ = {isa = PBXBuildFile; fileRef = 864EDE862AC8D80300B6D7EB /* UIImage+Extensions.swift */; };
		86519CEC2AFD5E0B0069C31B /* EventService.swift in Sources */ = {isa = PBXBuildFile; fileRef = 86519CEB2AFD5E0B0069C31B /* EventService.swift */; };
		865BA87F2A1FDD0000E231B2 /* EventsApp.xcdatamodeld in Sources */ = {isa = PBXBuildFile; fileRef = 865BA87D2A1FDD0000E231B2 /* EventsApp.xcdatamodeld */; };
		865BA8812A1FEF4800E231B2 /* CoreDataManager.swift in Sources */ = {isa = PBXBuildFile; fileRef = 865BA8802A1FEF4800E231B2 /* CoreDataManager.swift */; };
		865BA8832A20598500E231B2 /* EventListViewModel.swift in Sources */ = {isa = PBXBuildFile; fileRef = 865BA8822A20598500E231B2 /* EventListViewModel.swift */; };
		865E48CA2A834B0500FB4434 /* Date+Extensions.swift in Sources */ = {isa = PBXBuildFile; fileRef = 865E48C92A834B0500FB4434 /* Date+Extensions.swift */; };
		865F0A892ADE4B6500656BA4 /* EventDetailCoordinator.swift in Sources */ = {isa = PBXBuildFile; fileRef = 865F0A882ADE4B6500656BA4 /* EventDetailCoordinator.swift */; };
		865F65042A1F172D002179F5 /* UIColor+Extensions.swift in Sources */ = {isa = PBXBuildFile; fileRef = 865F65032A1F172D002179F5 /* UIColor+Extensions.swift */; };
		867C22D42AF0C6D000AFADAC /* EditEventViewController.swift in Sources */ = {isa = PBXBuildFile; fileRef = 867C22D32AF0C6D000AFADAC /* EditEventViewController.swift */; };
		867C22D62AF0C89F00AFADAC /* EditEventViewModel.swift in Sources */ = {isa = PBXBuildFile; fileRef = 867C22D52AF0C89F00AFADAC /* EditEventViewModel.swift */; };
		86ADD37A2ADF7A140040A914 /* EventDetailViewController.swift in Sources */ = {isa = PBXBuildFile; fileRef = 86ADD3792ADF7A140040A914 /* EventDetailViewController.swift */; };
		86ADD37C2ADF7E740040A914 /* EventDetailViewModel.swift in Sources */ = {isa = PBXBuildFile; fileRef = 86ADD37B2ADF7E740040A914 /* EventDetailViewModel.swift */; };
		86C0481929F89BC1003E68FF /* AppDelegate.swift in Sources */ = {isa = PBXBuildFile; fileRef = 86C0481829F89BC1003E68FF /* AppDelegate.swift */; };
		86C0481B29F89BC1003E68FF /* SceneDelegate.swift in Sources */ = {isa = PBXBuildFile; fileRef = 86C0481A29F89BC1003E68FF /* SceneDelegate.swift */; };
		86C0481D29F89BC1003E68FF /* ViewController.swift in Sources */ = {isa = PBXBuildFile; fileRef = 86C0481C29F89BC1003E68FF /* ViewController.swift */; };
		86C0482029F89BC1003E68FF /* Main.storyboard in Resources */ = {isa = PBXBuildFile; fileRef = 86C0481E29F89BC1003E68FF /* Main.storyboard */; };
		86C0482229F89BC2003E68FF /* Assets.xcassets in Resources */ = {isa = PBXBuildFile; fileRef = 86C0482129F89BC2003E68FF /* Assets.xcassets */; };
		86C0482529F89BC2003E68FF /* LaunchScreen.storyboard in Resources */ = {isa = PBXBuildFile; fileRef = 86C0482329F89BC2003E68FF /* LaunchScreen.storyboard */; };
		86C0483029F89BC2003E68FF /* EventsAppTests.swift in Sources */ = {isa = PBXBuildFile; fileRef = 86C0482F29F89BC2003E68FF /* EventsAppTests.swift */; };
		86C0483A29F89BC2003E68FF /* EventsAppUITests.swift in Sources */ = {isa = PBXBuildFile; fileRef = 86C0483929F89BC2003E68FF /* EventsAppUITests.swift */; };
		86C0483C29F89BC2003E68FF /* EventsAppUITestsLaunchTests.swift in Sources */ = {isa = PBXBuildFile; fileRef = 86C0483B29F89BC2003E68FF /* EventsAppUITestsLaunchTests.swift */; };
		86C0484929F89C00003E68FF /* AppCoordinator.swift in Sources */ = {isa = PBXBuildFile; fileRef = 86C0484829F89C00003E68FF /* AppCoordinator.swift */; };
		86C8AC8E2A21273E0089B388 /* AddEventViewController.swift in Sources */ = {isa = PBXBuildFile; fileRef = 86C8AC8D2A21273E0089B388 /* AddEventViewController.swift */; };
		86C8AC902A212CDF0089B388 /* UIViewController+Extensions.swift in Sources */ = {isa = PBXBuildFile; fileRef = 86C8AC8F2A212CDF0089B388 /* UIViewController+Extensions.swift */; };
		86C8AC922A2135460089B388 /* AddEventViewModel.swift in Sources */ = {isa = PBXBuildFile; fileRef = 86C8AC912A2135460089B388 /* AddEventViewModel.swift */; };
		86C961CF2A2D2D16005118E3 /* TitleSubtitleCellViewModel.swift in Sources */ = {isa = PBXBuildFile; fileRef = 86C961CE2A2D2D16005118E3 /* TitleSubtitleCellViewModel.swift */; };
		86C961D22A2D2DA2005118E3 /* TitleSubtitleCell.swift in Sources */ = {isa = PBXBuildFile; fileRef = 86C961D12A2D2DA2005118E3 /* TitleSubtitleCell.swift */; };
		86D1F4382A51CCC3007CD5B2 /* EventCell.swift in Sources */ = {isa = PBXBuildFile; fileRef = 86D1F4372A51CCC3007CD5B2 /* EventCell.swift */; };
		86D1F43A2A51DA5B007CD5B2 /* UIView+Extensions.swift in Sources */ = {isa = PBXBuildFile; fileRef = 86D1F4392A51DA5B007CD5B2 /* UIView+Extensions.swift */; };
/* End PBXBuildFile section */

/* Begin PBXContainerItemProxy section */
		86C0482C29F89BC2003E68FF /* PBXContainerItemProxy */ = {
			isa = PBXContainerItemProxy;
			containerPortal = 86C0480D29F89BC1003E68FF /* Project object */;
			proxyType = 1;
			remoteGlobalIDString = 86C0481429F89BC1003E68FF;
			remoteInfo = EventsApp;
		};
		86C0483629F89BC2003E68FF /* PBXContainerItemProxy */ = {
			isa = PBXContainerItemProxy;
			containerPortal = 86C0480D29F89BC1003E68FF /* Project object */;
			proxyType = 1;
			remoteGlobalIDString = 86C0481429F89BC1003E68FF;
			remoteInfo = EventsApp;
		};
/* End PBXContainerItemProxy section */

/* Begin PBXFileReference section */
		8613DE922A3D16AB00D9F632 /* EventsCellBuilder.swift */ = {isa = PBXFileReference; lastKnownFileType = sourcecode.swift; path = EventsCellBuilder.swift; sourceTree = "<group>"; };
		861A54DE2AE0EC7900226AC4 /* TimeRemainingStackView.swift */ = {isa = PBXFileReference; lastKnownFileType = sourcecode.swift; path = TimeRemainingStackView.swift; sourceTree = "<group>"; };
		861A54E02AE0EDA800226AC4 /* TimeRemainingViewModel.swift */ = {isa = PBXFileReference; lastKnownFileType = sourcecode.swift; path = TimeRemainingViewModel.swift; sourceTree = "<group>"; };
		861DD6602A429BFA00C979EE /* EventCellViewModel.swift */ = {isa = PBXFileReference; lastKnownFileType = sourcecode.swift; path = EventCellViewModel.swift; sourceTree = "<group>"; };
		8627B4DD29F9BCF000300796 /* EventListCoordinator.swift */ = {isa = PBXFileReference; lastKnownFileType = sourcecode.swift; path = EventListCoordinator.swift; sourceTree = "<group>"; };
		8627B4DF29FB763100300796 /* EventListViewController.swift */ = {isa = PBXFileReference; lastKnownFileType = sourcecode.swift; path = EventListViewController.swift; sourceTree = "<group>"; };
		86320CEF2A36882F00C173DE /* ImagePickerCoordinator.swift */ = {isa = PBXFileReference; lastKnownFileType = sourcecode.swift; path = ImagePickerCoordinator.swift; sourceTree = "<group>"; };
		8637FD7C2AEB730A00442442 /* EditEventCoordinator.swift */ = {isa = PBXFileReference; lastKnownFileType = sourcecode.swift; path = EditEventCoordinator.swift; sourceTree = "<group>"; };
		864EDE862AC8D80300B6D7EB /* UIImage+Extensions.swift */ = {isa = PBXFileReference; lastKnownFileType = sourcecode.swift; path = "UIImage+Extensions.swift"; sourceTree = "<group>"; };
		86519CEB2AFD5E0B0069C31B /* EventService.swift */ = {isa = PBXFileReference; lastKnownFileType = sourcecode.swift; path = EventService.swift; sourceTree = "<group>"; };
		865BA87E2A1FDD0000E231B2 /* EventsApp.xcdatamodel */ = {isa = PBXFileReference; lastKnownFileType = wrapper.xcdatamodel; path = EventsApp.xcdatamodel; sourceTree = "<group>"; };
		865BA8802A1FEF4800E231B2 /* CoreDataManager.swift */ = {isa = PBXFileReference; lastKnownFileType = sourcecode.swift; path = CoreDataManager.swift; sourceTree = "<group>"; };
		865BA8822A20598500E231B2 /* EventListViewModel.swift */ = {isa = PBXFileReference; lastKnownFileType = sourcecode.swift; path = EventListViewModel.swift; sourceTree = "<group>"; };
		865BA8842A205BBC00E231B2 /* AddEventCoordinator.swift */ = {isa = PBXFileReference; lastKnownFileType = sourcecode.swift; path = AddEventCoordinator.swift; sourceTree = "<group>"; };
		865E48C92A834B0500FB4434 /* Date+Extensions.swift */ = {isa = PBXFileReference; lastKnownFileType = sourcecode.swift; path = "Date+Extensions.swift"; sourceTree = "<group>"; };
		865F0A882ADE4B6500656BA4 /* EventDetailCoordinator.swift */ = {isa = PBXFileReference; lastKnownFileType = sourcecode.swift; path = EventDetailCoordinator.swift; sourceTree = "<group>"; };
		865F65032A1F172D002179F5 /* UIColor+Extensions.swift */ = {isa = PBXFileReference; lastKnownFileType = sourcecode.swift; path = "UIColor+Extensions.swift"; sourceTree = "<group>"; };
		867C22D32AF0C6D000AFADAC /* EditEventViewController.swift */ = {isa = PBXFileReference; lastKnownFileType = sourcecode.swift; path = EditEventViewController.swift; sourceTree = "<group>"; };
		867C22D52AF0C89F00AFADAC /* EditEventViewModel.swift */ = {isa = PBXFileReference; lastKnownFileType = sourcecode.swift; path = EditEventViewModel.swift; sourceTree = "<group>"; };
		86ADD3792ADF7A140040A914 /* EventDetailViewController.swift */ = {isa = PBXFileReference; lastKnownFileType = sourcecode.swift; path = EventDetailViewController.swift; sourceTree = "<group>"; };
		86ADD37B2ADF7E740040A914 /* EventDetailViewModel.swift */ = {isa = PBXFileReference; lastKnownFileType = sourcecode.swift; path = EventDetailViewModel.swift; sourceTree = "<group>"; };
		86C0481529F89BC1003E68FF /* EventsApp.app */ = {isa = PBXFileReference; explicitFileType = wrapper.application; includeInIndex = 0; path = EventsApp.app; sourceTree = BUILT_PRODUCTS_DIR; };
		86C0481829F89BC1003E68FF /* AppDelegate.swift */ = {isa = PBXFileReference; lastKnownFileType = sourcecode.swift; path = AppDelegate.swift; sourceTree = "<group>"; };
		86C0481A29F89BC1003E68FF /* SceneDelegate.swift */ = {isa = PBXFileReference; lastKnownFileType = sourcecode.swift; path = SceneDelegate.swift; sourceTree = "<group>"; };
		86C0481C29F89BC1003E68FF /* ViewController.swift */ = {isa = PBXFileReference; lastKnownFileType = sourcecode.swift; path = ViewController.swift; sourceTree = "<group>"; };
		86C0481F29F89BC1003E68FF /* Base */ = {isa = PBXFileReference; lastKnownFileType = file.storyboard; name = Base; path = Base.lproj/Main.storyboard; sourceTree = "<group>"; };
		86C0482129F89BC2003E68FF /* Assets.xcassets */ = {isa = PBXFileReference; lastKnownFileType = folder.assetcatalog; path = Assets.xcassets; sourceTree = "<group>"; };
		86C0482429F89BC2003E68FF /* Base */ = {isa = PBXFileReference; lastKnownFileType = file.storyboard; name = Base; path = Base.lproj/LaunchScreen.storyboard; sourceTree = "<group>"; };
		86C0482629F89BC2003E68FF /* Info.plist */ = {isa = PBXFileReference; lastKnownFileType = text.plist.xml; path = Info.plist; sourceTree = "<group>"; };
		86C0482B29F89BC2003E68FF /* EventsAppTests.xctest */ = {isa = PBXFileReference; explicitFileType = wrapper.cfbundle; includeInIndex = 0; path = EventsAppTests.xctest; sourceTree = BUILT_PRODUCTS_DIR; };
		86C0482F29F89BC2003E68FF /* EventsAppTests.swift */ = {isa = PBXFileReference; lastKnownFileType = sourcecode.swift; path = EventsAppTests.swift; sourceTree = "<group>"; };
		86C0483529F89BC2003E68FF /* EventsAppUITests.xctest */ = {isa = PBXFileReference; explicitFileType = wrapper.cfbundle; includeInIndex = 0; path = EventsAppUITests.xctest; sourceTree = BUILT_PRODUCTS_DIR; };
		86C0483929F89BC2003E68FF /* EventsAppUITests.swift */ = {isa = PBXFileReference; lastKnownFileType = sourcecode.swift; path = EventsAppUITests.swift; sourceTree = "<group>"; };
		86C0483B29F89BC2003E68FF /* EventsAppUITestsLaunchTests.swift */ = {isa = PBXFileReference; lastKnownFileType = sourcecode.swift; path = EventsAppUITestsLaunchTests.swift; sourceTree = "<group>"; };
		86C0484829F89C00003E68FF /* AppCoordinator.swift */ = {isa = PBXFileReference; lastKnownFileType = sourcecode.swift; path = AppCoordinator.swift; sourceTree = "<group>"; };
		86C8AC8D2A21273E0089B388 /* AddEventViewController.swift */ = {isa = PBXFileReference; lastKnownFileType = sourcecode.swift; path = AddEventViewController.swift; sourceTree = "<group>"; };
		86C8AC8F2A212CDF0089B388 /* UIViewController+Extensions.swift */ = {isa = PBXFileReference; lastKnownFileType = sourcecode.swift; path = "UIViewController+Extensions.swift"; sourceTree = "<group>"; };
		86C8AC912A2135460089B388 /* AddEventViewModel.swift */ = {isa = PBXFileReference; lastKnownFileType = sourcecode.swift; path = AddEventViewModel.swift; sourceTree = "<group>"; };
		86C961CE2A2D2D16005118E3 /* TitleSubtitleCellViewModel.swift */ = {isa = PBXFileReference; lastKnownFileType = sourcecode.swift; path = TitleSubtitleCellViewModel.swift; sourceTree = "<group>"; };
		86C961D12A2D2DA2005118E3 /* TitleSubtitleCell.swift */ = {isa = PBXFileReference; lastKnownFileType = sourcecode.swift; path = TitleSubtitleCell.swift; sourceTree = "<group>"; };
		86D1F4372A51CCC3007CD5B2 /* EventCell.swift */ = {isa = PBXFileReference; lastKnownFileType = sourcecode.swift; path = EventCell.swift; sourceTree = "<group>"; };
		86D1F4392A51DA5B007CD5B2 /* UIView+Extensions.swift */ = {isa = PBXFileReference; lastKnownFileType = sourcecode.swift; path = "UIView+Extensions.swift"; sourceTree = "<group>"; };
/* End PBXFileReference section */

/* Begin PBXFrameworksBuildPhase section */
		86C0481229F89BC1003E68FF /* Frameworks */ = {
			isa = PBXFrameworksBuildPhase;
			buildActionMask = 2147483647;
			files = (
			);
			runOnlyForDeploymentPostprocessing = 0;
		};
		86C0482829F89BC2003E68FF /* Frameworks */ = {
			isa = PBXFrameworksBuildPhase;
			buildActionMask = 2147483647;
			files = (
			);
			runOnlyForDeploymentPostprocessing = 0;
		};
		86C0483229F89BC2003E68FF /* Frameworks */ = {
			isa = PBXFrameworksBuildPhase;
			buildActionMask = 2147483647;
			files = (
			);
			runOnlyForDeploymentPostprocessing = 0;
		};
/* End PBXFrameworksBuildPhase section */

/* Begin PBXGroup section */
		86519CEA2AFD5DDD0069C31B /* Services */ = {
			isa = PBXGroup;
			children = (
				86519CEB2AFD5E0B0069C31B /* EventService.swift */,
			);
			path = Services;
			sourceTree = "<group>";
		};
		865BA87A2A1FDC4700E231B2 /* Extensions */ = {
			isa = PBXGroup;
			children = (
				865F65032A1F172D002179F5 /* UIColor+Extensions.swift */,
				86C8AC8F2A212CDF0089B388 /* UIViewController+Extensions.swift */,
				86D1F4392A51DA5B007CD5B2 /* UIView+Extensions.swift */,
				865E48C92A834B0500FB4434 /* Date+Extensions.swift */,
				864EDE862AC8D80300B6D7EB /* UIImage+Extensions.swift */,
			);
			path = Extensions;
			sourceTree = "<group>";
		};
		865BA87B2A1FDC5F00E231B2 /* Controllers */ = {
			isa = PBXGroup;
			children = (
				8627B4DF29FB763100300796 /* EventListViewController.swift */,
				86C8AC8D2A21273E0089B388 /* AddEventViewController.swift */,
				86ADD3792ADF7A140040A914 /* EventDetailViewController.swift */,
				867C22D32AF0C6D000AFADAC /* EditEventViewController.swift */,
			);
			path = Controllers;
			sourceTree = "<group>";
		};
		865BA87C2A1FDC7500E231B2 /* Coordinators */ = {
			isa = PBXGroup;
			children = (
				86C0484829F89C00003E68FF /* AppCoordinator.swift */,
				8627B4DD29F9BCF000300796 /* EventListCoordinator.swift */,
				865BA8842A205BBC00E231B2 /* AddEventCoordinator.swift */,
				86320CEF2A36882F00C173DE /* ImagePickerCoordinator.swift */,
				865F0A882ADE4B6500656BA4 /* EventDetailCoordinator.swift */,
				8637FD7C2AEB730A00442442 /* EditEventCoordinator.swift */,
			);
			path = Coordinators;
			sourceTree = "<group>";
		};
		86C0480C29F89BC1003E68FF = {
			isa = PBXGroup;
			children = (
				86C0481729F89BC1003E68FF /* EventsApp */,
				86C0482E29F89BC2003E68FF /* EventsAppTests */,
				86C0483829F89BC2003E68FF /* EventsAppUITests */,
				86C0481629F89BC1003E68FF /* Products */,
			);
			sourceTree = "<group>";
		};
		86C0481629F89BC1003E68FF /* Products */ = {
			isa = PBXGroup;
			children = (
				86C0481529F89BC1003E68FF /* EventsApp.app */,
				86C0482B29F89BC2003E68FF /* EventsAppTests.xctest */,
				86C0483529F89BC2003E68FF /* EventsAppUITests.xctest */,
			);
			name = Products;
			sourceTree = "<group>";
		};
		86C0481729F89BC1003E68FF /* EventsApp */ = {
			isa = PBXGroup;
			children = (
				86519CEA2AFD5DDD0069C31B /* Services */,
				86C961D02A2D2D77005118E3 /* Views */,
				86C8AC932A21374A0089B388 /* ViewModels */,
				865BA87C2A1FDC7500E231B2 /* Coordinators */,
				865BA87B2A1FDC5F00E231B2 /* Controllers */,
				865BA87A2A1FDC4700E231B2 /* Extensions */,
				86C0481829F89BC1003E68FF /* AppDelegate.swift */,
				86C0481A29F89BC1003E68FF /* SceneDelegate.swift */,
				86C0481C29F89BC1003E68FF /* ViewController.swift */,
				86C0481E29F89BC1003E68FF /* Main.storyboard */,
				86C0482129F89BC2003E68FF /* Assets.xcassets */,
				86C0482329F89BC2003E68FF /* LaunchScreen.storyboard */,
				86C0482629F89BC2003E68FF /* Info.plist */,
				865BA87D2A1FDD0000E231B2 /* EventsApp.xcdatamodeld */,
				865BA8802A1FEF4800E231B2 /* CoreDataManager.swift */,
				8613DE922A3D16AB00D9F632 /* EventsCellBuilder.swift */,
			);
			path = EventsApp;
			sourceTree = "<group>";
		};
		86C0482E29F89BC2003E68FF /* EventsAppTests */ = {
			isa = PBXGroup;
			children = (
				86C0482F29F89BC2003E68FF /* EventsAppTests.swift */,
			);
			path = EventsAppTests;
			sourceTree = "<group>";
		};
		86C0483829F89BC2003E68FF /* EventsAppUITests */ = {
			isa = PBXGroup;
			children = (
				86C0483929F89BC2003E68FF /* EventsAppUITests.swift */,
				86C0483B29F89BC2003E68FF /* EventsAppUITestsLaunchTests.swift */,
			);
			path = EventsAppUITests;
			sourceTree = "<group>";
		};
		86C8AC932A21374A0089B388 /* ViewModels */ = {
			isa = PBXGroup;
			children = (
				865BA8822A20598500E231B2 /* EventListViewModel.swift */,
				86C8AC912A2135460089B388 /* AddEventViewModel.swift */,
				86C961CE2A2D2D16005118E3 /* TitleSubtitleCellViewModel.swift */,
				861DD6602A429BFA00C979EE /* EventCellViewModel.swift */,
				86ADD37B2ADF7E740040A914 /* EventDetailViewModel.swift */,
				861A54E02AE0EDA800226AC4 /* TimeRemainingViewModel.swift */,
				867C22D52AF0C89F00AFADAC /* EditEventViewModel.swift */,
			);
			path = ViewModels;
			sourceTree = "<group>";
		};
		86C961D02A2D2D77005118E3 /* Views */ = {
			isa = PBXGroup;
			children = (
				86C961D12A2D2DA2005118E3 /* TitleSubtitleCell.swift */,
				86D1F4372A51CCC3007CD5B2 /* EventCell.swift */,
				861A54DE2AE0EC7900226AC4 /* TimeRemainingStackView.swift */,
			);
			path = Views;
			sourceTree = "<group>";
		};
/* End PBXGroup section */

/* Begin PBXNativeTarget section */
		86C0481429F89BC1003E68FF /* EventsApp */ = {
			isa = PBXNativeTarget;
			buildConfigurationList = 86C0483F29F89BC2003E68FF /* Build configuration list for PBXNativeTarget "EventsApp" */;
			buildPhases = (
				86C0481129F89BC1003E68FF /* Sources */,
				86C0481229F89BC1003E68FF /* Frameworks */,
				86C0481329F89BC1003E68FF /* Resources */,
			);
			buildRules = (
			);
			dependencies = (
			);
			name = EventsApp;
			productName = EventsApp;
			productReference = 86C0481529F89BC1003E68FF /* EventsApp.app */;
			productType = "com.apple.product-type.application";
		};
		86C0482A29F89BC2003E68FF /* EventsAppTests */ = {
			isa = PBXNativeTarget;
			buildConfigurationList = 86C0484229F89BC2003E68FF /* Build configuration list for PBXNativeTarget "EventsAppTests" */;
			buildPhases = (
				86C0482729F89BC2003E68FF /* Sources */,
				86C0482829F89BC2003E68FF /* Frameworks */,
				86C0482929F89BC2003E68FF /* Resources */,
			);
			buildRules = (
			);
			dependencies = (
				86C0482D29F89BC2003E68FF /* PBXTargetDependency */,
			);
			name = EventsAppTests;
			productName = EventsAppTests;
			productReference = 86C0482B29F89BC2003E68FF /* EventsAppTests.xctest */;
			productType = "com.apple.product-type.bundle.unit-test";
		};
		86C0483429F89BC2003E68FF /* EventsAppUITests */ = {
			isa = PBXNativeTarget;
			buildConfigurationList = 86C0484529F89BC2003E68FF /* Build configuration list for PBXNativeTarget "EventsAppUITests" */;
			buildPhases = (
				86C0483129F89BC2003E68FF /* Sources */,
				86C0483229F89BC2003E68FF /* Frameworks */,
				86C0483329F89BC2003E68FF /* Resources */,
			);
			buildRules = (
			);
			dependencies = (
				86C0483729F89BC2003E68FF /* PBXTargetDependency */,
			);
			name = EventsAppUITests;
			productName = EventsAppUITests;
			productReference = 86C0483529F89BC2003E68FF /* EventsAppUITests.xctest */;
			productType = "com.apple.product-type.bundle.ui-testing";
		};
/* End PBXNativeTarget section */

/* Begin PBXProject section */
		86C0480D29F89BC1003E68FF /* Project object */ = {
			isa = PBXProject;
			attributes = {
				BuildIndependentTargetsInParallel = 1;
				LastSwiftUpdateCheck = 1430;
				LastUpgradeCheck = 1430;
				TargetAttributes = {
					86C0481429F89BC1003E68FF = {
						CreatedOnToolsVersion = 14.3;
					};
					86C0482A29F89BC2003E68FF = {
						CreatedOnToolsVersion = 14.3;
						TestTargetID = 86C0481429F89BC1003E68FF;
					};
					86C0483429F89BC2003E68FF = {
						CreatedOnToolsVersion = 14.3;
						TestTargetID = 86C0481429F89BC1003E68FF;
					};
				};
			};
			buildConfigurationList = 86C0481029F89BC1003E68FF /* Build configuration list for PBXProject "EventsApp" */;
			compatibilityVersion = "Xcode 14.0";
			developmentRegion = en;
			hasScannedForEncodings = 0;
			knownRegions = (
				en,
				Base,
			);
			mainGroup = 86C0480C29F89BC1003E68FF;
			productRefGroup = 86C0481629F89BC1003E68FF /* Products */;
			projectDirPath = "";
			projectRoot = "";
			targets = (
				86C0481429F89BC1003E68FF /* EventsApp */,
				86C0482A29F89BC2003E68FF /* EventsAppTests */,
				86C0483429F89BC2003E68FF /* EventsAppUITests */,
			);
		};
/* End PBXProject section */

/* Begin PBXResourcesBuildPhase section */
		86C0481329F89BC1003E68FF /* Resources */ = {
			isa = PBXResourcesBuildPhase;
			buildActionMask = 2147483647;
			files = (
				86C0482529F89BC2003E68FF /* LaunchScreen.storyboard in Resources */,
				86C0482229F89BC2003E68FF /* Assets.xcassets in Resources */,
				86C0482029F89BC1003E68FF /* Main.storyboard in Resources */,
			);
			runOnlyForDeploymentPostprocessing = 0;
		};
		86C0482929F89BC2003E68FF /* Resources */ = {
			isa = PBXResourcesBuildPhase;
			buildActionMask = 2147483647;
			files = (
			);
			runOnlyForDeploymentPostprocessing = 0;
		};
		86C0483329F89BC2003E68FF /* Resources */ = {
			isa = PBXResourcesBuildPhase;
			buildActionMask = 2147483647;
			files = (
			);
			runOnlyForDeploymentPostprocessing = 0;
		};
/* End PBXResourcesBuildPhase section */

/* Begin PBXSourcesBuildPhase section */
		86C0481129F89BC1003E68FF /* Sources */ = {
			isa = PBXSourcesBuildPhase;
			buildActionMask = 2147483647;
			files = (
				86519CEC2AFD5E0B0069C31B /* EventService.swift in Sources */,
				86D1F43A2A51DA5B007CD5B2 /* UIView+Extensions.swift in Sources */,
				865E48CA2A834B0500FB4434 /* Date+Extensions.swift in Sources */,
				8637FD7D2AEB730A00442442 /* EditEventCoordinator.swift in Sources */,
				86ADD37A2ADF7A140040A914 /* EventDetailViewController.swift in Sources */,
				86C961D22A2D2DA2005118E3 /* TitleSubtitleCell.swift in Sources */,
				867C22D62AF0C89F00AFADAC /* EditEventViewModel.swift in Sources */,
				861A54E12AE0EDA800226AC4 /* TimeRemainingViewModel.swift in Sources */,
				86ADD37C2ADF7E740040A914 /* EventDetailViewModel.swift in Sources */,
				861A54DF2AE0EC7900226AC4 /* TimeRemainingStackView.swift in Sources */,
				86C0484929F89C00003E68FF /* AppCoordinator.swift in Sources */,
				86390A862A26CFE100D5AF99 /* AddEventCoordinator.swift in Sources */,
				86C8AC8E2A21273E0089B388 /* AddEventViewController.swift in Sources */,
				86C8AC902A212CDF0089B388 /* UIViewController+Extensions.swift in Sources */,
				8627B4E029FB763100300796 /* EventListViewController.swift in Sources */,
				86C0481D29F89BC1003E68FF /* ViewController.swift in Sources */,
				86C0481929F89BC1003E68FF /* AppDelegate.swift in Sources */,
				867C22D42AF0C6D000AFADAC /* EditEventViewController.swift in Sources */,
				861DD6612A429BFA00C979EE /* EventCellViewModel.swift in Sources */,
				86320CF02A36882F00C173DE /* ImagePickerCoordinator.swift in Sources */,
				865BA87F2A1FDD0000E231B2 /* EventsApp.xcdatamodeld in Sources */,
				865F65042A1F172D002179F5 /* UIColor+Extensions.swift in Sources */,
				86D1F4382A51CCC3007CD5B2 /* EventCell.swift in Sources */,
				86C961CF2A2D2D16005118E3 /* TitleSubtitleCellViewModel.swift in Sources */,
				865F0A892ADE4B6500656BA4 /* EventDetailCoordinator.swift in Sources */,
				865BA8812A1FEF4800E231B2 /* CoreDataManager.swift in Sources */,
				865BA8832A20598500E231B2 /* EventListViewModel.swift in Sources */,
				86C0481B29F89BC1003E68FF /* SceneDelegate.swift in Sources */,
				864EDE872AC8D80300B6D7EB /* UIImage+Extensions.swift in Sources */,
				8627B4DE29F9BCF000300796 /* EventListCoordinator.swift in Sources */,
				8613DE932A3D16AB00D9F632 /* EventsCellBuilder.swift in Sources */,
				86C8AC922A2135460089B388 /* AddEventViewModel.swift in Sources */,
			);
			runOnlyForDeploymentPostprocessing = 0;
		};
		86C0482729F89BC2003E68FF /* Sources */ = {
			isa = PBXSourcesBuildPhase;
			buildActionMask = 2147483647;
			files = (
				86C0483029F89BC2003E68FF /* EventsAppTests.swift in Sources */,
			);
			runOnlyForDeploymentPostprocessing = 0;
		};
		86C0483129F89BC2003E68FF /* Sources */ = {
			isa = PBXSourcesBuildPhase;
			buildActionMask = 2147483647;
			files = (
				86C0483A29F89BC2003E68FF /* EventsAppUITests.swift in Sources */,
				86C0483C29F89BC2003E68FF /* EventsAppUITestsLaunchTests.swift in Sources */,
			);
			runOnlyForDeploymentPostprocessing = 0;
		};
/* End PBXSourcesBuildPhase section */

/* Begin PBXTargetDependency section */
		86C0482D29F89BC2003E68FF /* PBXTargetDependency */ = {
			isa = PBXTargetDependency;
			target = 86C0481429F89BC1003E68FF /* EventsApp */;
			targetProxy = 86C0482C29F89BC2003E68FF /* PBXContainerItemProxy */;
		};
		86C0483729F89BC2003E68FF /* PBXTargetDependency */ = {
			isa = PBXTargetDependency;
			target = 86C0481429F89BC1003E68FF /* EventsApp */;
			targetProxy = 86C0483629F89BC2003E68FF /* PBXContainerItemProxy */;
		};
/* End PBXTargetDependency section */

/* Begin PBXVariantGroup section */
		86C0481E29F89BC1003E68FF /* Main.storyboard */ = {
			isa = PBXVariantGroup;
			children = (
				86C0481F29F89BC1003E68FF /* Base */,
			);
			name = Main.storyboard;
			sourceTree = "<group>";
		};
		86C0482329F89BC2003E68FF /* LaunchScreen.storyboard */ = {
			isa = PBXVariantGroup;
			children = (
				86C0482429F89BC2003E68FF /* Base */,
			);
			name = LaunchScreen.storyboard;
			sourceTree = "<group>";
		};
/* End PBXVariantGroup section */

/* Begin XCBuildConfiguration section */
		86C0483D29F89BC2003E68FF /* Debug */ = {
			isa = XCBuildConfiguration;
			buildSettings = {
				ALWAYS_SEARCH_USER_PATHS = NO;
				CLANG_ANALYZER_NONNULL = YES;
				CLANG_ANALYZER_NUMBER_OBJECT_CONVERSION = YES_AGGRESSIVE;
				CLANG_CXX_LANGUAGE_STANDARD = "gnu++20";
				CLANG_ENABLE_MODULES = YES;
				CLANG_ENABLE_OBJC_ARC = YES;
				CLANG_ENABLE_OBJC_WEAK = YES;
				CLANG_WARN_BLOCK_CAPTURE_AUTORELEASING = YES;
				CLANG_WARN_BOOL_CONVERSION = YES;
				CLANG_WARN_COMMA = YES;
				CLANG_WARN_CONSTANT_CONVERSION = YES;
				CLANG_WARN_DEPRECATED_OBJC_IMPLEMENTATIONS = YES;
				CLANG_WARN_DIRECT_OBJC_ISA_USAGE = YES_ERROR;
				CLANG_WARN_DOCUMENTATION_COMMENTS = YES;
				CLANG_WARN_EMPTY_BODY = YES;
				CLANG_WARN_ENUM_CONVERSION = YES;
				CLANG_WARN_INFINITE_RECURSION = YES;
				CLANG_WARN_INT_CONVERSION = YES;
				CLANG_WARN_NON_LITERAL_NULL_CONVERSION = YES;
				CLANG_WARN_OBJC_IMPLICIT_RETAIN_SELF = YES;
				CLANG_WARN_OBJC_LITERAL_CONVERSION = YES;
				CLANG_WARN_OBJC_ROOT_CLASS = YES_ERROR;
				CLANG_WARN_QUOTED_INCLUDE_IN_FRAMEWORK_HEADER = YES;
				CLANG_WARN_RANGE_LOOP_ANALYSIS = YES;
				CLANG_WARN_STRICT_PROTOTYPES = YES;
				CLANG_WARN_SUSPICIOUS_MOVE = YES;
				CLANG_WARN_UNGUARDED_AVAILABILITY = YES_AGGRESSIVE;
				CLANG_WARN_UNREACHABLE_CODE = YES;
				CLANG_WARN__DUPLICATE_METHOD_MATCH = YES;
				COPY_PHASE_STRIP = NO;
				DEBUG_INFORMATION_FORMAT = dwarf;
				ENABLE_STRICT_OBJC_MSGSEND = YES;
				ENABLE_TESTABILITY = YES;
				GCC_C_LANGUAGE_STANDARD = gnu11;
				GCC_DYNAMIC_NO_PIC = NO;
				GCC_NO_COMMON_BLOCKS = YES;
				GCC_OPTIMIZATION_LEVEL = 0;
				GCC_PREPROCESSOR_DEFINITIONS = (
					"DEBUG=1",
					"$(inherited)",
				);
				GCC_WARN_64_TO_32_BIT_CONVERSION = YES;
				GCC_WARN_ABOUT_RETURN_TYPE = YES_ERROR;
				GCC_WARN_UNDECLARED_SELECTOR = YES;
				GCC_WARN_UNINITIALIZED_AUTOS = YES_AGGRESSIVE;
				GCC_WARN_UNUSED_FUNCTION = YES;
				GCC_WARN_UNUSED_VARIABLE = YES;
				IPHONEOS_DEPLOYMENT_TARGET = 16.4;
				MTL_ENABLE_DEBUG_INFO = INCLUDE_SOURCE;
				MTL_FAST_MATH = YES;
				ONLY_ACTIVE_ARCH = YES;
				SDKROOT = iphoneos;
				SWIFT_ACTIVE_COMPILATION_CONDITIONS = DEBUG;
				SWIFT_OPTIMIZATION_LEVEL = "-Onone";
			};
			name = Debug;
		};
		86C0483E29F89BC2003E68FF /* Release */ = {
			isa = XCBuildConfiguration;
			buildSettings = {
				ALWAYS_SEARCH_USER_PATHS = NO;
				CLANG_ANALYZER_NONNULL = YES;
				CLANG_ANALYZER_NUMBER_OBJECT_CONVERSION = YES_AGGRESSIVE;
				CLANG_CXX_LANGUAGE_STANDARD = "gnu++20";
				CLANG_ENABLE_MODULES = YES;
				CLANG_ENABLE_OBJC_ARC = YES;
				CLANG_ENABLE_OBJC_WEAK = YES;
				CLANG_WARN_BLOCK_CAPTURE_AUTORELEASING = YES;
				CLANG_WARN_BOOL_CONVERSION = YES;
				CLANG_WARN_COMMA = YES;
				CLANG_WARN_CONSTANT_CONVERSION = YES;
				CLANG_WARN_DEPRECATED_OBJC_IMPLEMENTATIONS = YES;
				CLANG_WARN_DIRECT_OBJC_ISA_USAGE = YES_ERROR;
				CLANG_WARN_DOCUMENTATION_COMMENTS = YES;
				CLANG_WARN_EMPTY_BODY = YES;
				CLANG_WARN_ENUM_CONVERSION = YES;
				CLANG_WARN_INFINITE_RECURSION = YES;
				CLANG_WARN_INT_CONVERSION = YES;
				CLANG_WARN_NON_LITERAL_NULL_CONVERSION = YES;
				CLANG_WARN_OBJC_IMPLICIT_RETAIN_SELF = YES;
				CLANG_WARN_OBJC_LITERAL_CONVERSION = YES;
				CLANG_WARN_OBJC_ROOT_CLASS = YES_ERROR;
				CLANG_WARN_QUOTED_INCLUDE_IN_FRAMEWORK_HEADER = YES;
				CLANG_WARN_RANGE_LOOP_ANALYSIS = YES;
				CLANG_WARN_STRICT_PROTOTYPES = YES;
				CLANG_WARN_SUSPICIOUS_MOVE = YES;
				CLANG_WARN_UNGUARDED_AVAILABILITY = YES_AGGRESSIVE;
				CLANG_WARN_UNREACHABLE_CODE = YES;
				CLANG_WARN__DUPLICATE_METHOD_MATCH = YES;
				COPY_PHASE_STRIP = NO;
				DEBUG_INFORMATION_FORMAT = "dwarf-with-dsym";
				ENABLE_NS_ASSERTIONS = NO;
				ENABLE_STRICT_OBJC_MSGSEND = YES;
				GCC_C_LANGUAGE_STANDARD = gnu11;
				GCC_NO_COMMON_BLOCKS = YES;
				GCC_WARN_64_TO_32_BIT_CONVERSION = YES;
				GCC_WARN_ABOUT_RETURN_TYPE = YES_ERROR;
				GCC_WARN_UNDECLARED_SELECTOR = YES;
				GCC_WARN_UNINITIALIZED_AUTOS = YES_AGGRESSIVE;
				GCC_WARN_UNUSED_FUNCTION = YES;
				GCC_WARN_UNUSED_VARIABLE = YES;
				IPHONEOS_DEPLOYMENT_TARGET = 16.4;
				MTL_ENABLE_DEBUG_INFO = NO;
				MTL_FAST_MATH = YES;
				SDKROOT = iphoneos;
				SWIFT_COMPILATION_MODE = wholemodule;
				SWIFT_OPTIMIZATION_LEVEL = "-O";
				VALIDATE_PRODUCT = YES;
			};
			name = Release;
		};
		86C0484029F89BC2003E68FF /* Debug */ = {
			isa = XCBuildConfiguration;
			buildSettings = {
				ASSETCATALOG_COMPILER_APPICON_NAME = AppIcon;
				ASSETCATALOG_COMPILER_GLOBAL_ACCENT_COLOR_NAME = AccentColor;
				CODE_SIGN_STYLE = Automatic;
				CURRENT_PROJECT_VERSION = 1;
				DEVELOPMENT_TEAM = Z8C8PRSLQD;
				GENERATE_INFOPLIST_FILE = YES;
				INFOPLIST_FILE = EventsApp/Info.plist;
				INFOPLIST_KEY_UIApplicationSupportsIndirectInputEvents = YES;
				INFOPLIST_KEY_UILaunchStoryboardName = LaunchScreen;
				INFOPLIST_KEY_UIMainStoryboardFile = Main;
				INFOPLIST_KEY_UISupportedInterfaceOrientations_iPad = "UIInterfaceOrientationPortrait UIInterfaceOrientationPortraitUpsideDown UIInterfaceOrientationLandscapeLeft UIInterfaceOrientationLandscapeRight";
				INFOPLIST_KEY_UISupportedInterfaceOrientations_iPhone = "UIInterfaceOrientationPortrait UIInterfaceOrientationLandscapeLeft UIInterfaceOrientationLandscapeRight";
				LD_RUNPATH_SEARCH_PATHS = (
					"$(inherited)",
					"@executable_path/Frameworks",
				);
				MARKETING_VERSION = 1.0;
				PRODUCT_BUNDLE_IDENTIFIER = yessenia.ramos.EventsApp;
				PRODUCT_NAME = "$(TARGET_NAME)";
				SWIFT_EMIT_LOC_STRINGS = YES;
				SWIFT_VERSION = 5.0;
				TARGETED_DEVICE_FAMILY = "1,2";
			};
			name = Debug;
		};
		86C0484129F89BC2003E68FF /* Release */ = {
			isa = XCBuildConfiguration;
			buildSettings = {
				ASSETCATALOG_COMPILER_APPICON_NAME = AppIcon;
				ASSETCATALOG_COMPILER_GLOBAL_ACCENT_COLOR_NAME = AccentColor;
				CODE_SIGN_STYLE = Automatic;
				CURRENT_PROJECT_VERSION = 1;
				DEVELOPMENT_TEAM = Z8C8PRSLQD;
				GENERATE_INFOPLIST_FILE = YES;
				INFOPLIST_FILE = EventsApp/Info.plist;
				INFOPLIST_KEY_UIApplicationSupportsIndirectInputEvents = YES;
				INFOPLIST_KEY_UILaunchStoryboardName = LaunchScreen;
				INFOPLIST_KEY_UIMainStoryboardFile = Main;
				INFOPLIST_KEY_UISupportedInterfaceOrientations_iPad = "UIInterfaceOrientationPortrait UIInterfaceOrientationPortraitUpsideDown UIInterfaceOrientationLandscapeLeft UIInterfaceOrientationLandscapeRight";
				INFOPLIST_KEY_UISupportedInterfaceOrientations_iPhone = "UIInterfaceOrientationPortrait UIInterfaceOrientationLandscapeLeft UIInterfaceOrientationLandscapeRight";
				LD_RUNPATH_SEARCH_PATHS = (
					"$(inherited)",
					"@executable_path/Frameworks",
				);
				MARKETING_VERSION = 1.0;
				PRODUCT_BUNDLE_IDENTIFIER = yessenia.ramos.EventsApp;
				PRODUCT_NAME = "$(TARGET_NAME)";
				SWIFT_EMIT_LOC_STRINGS = YES;
				SWIFT_VERSION = 5.0;
				TARGETED_DEVICE_FAMILY = "1,2";
			};
			name = Release;
		};
		86C0484329F89BC2003E68FF /* Debug */ = {
			isa = XCBuildConfiguration;
			buildSettings = {
				ALWAYS_EMBED_SWIFT_STANDARD_LIBRARIES = YES;
				BUNDLE_LOADER = "$(TEST_HOST)";
				CODE_SIGN_STYLE = Automatic;
				CURRENT_PROJECT_VERSION = 1;
				DEVELOPMENT_TEAM = Z8C8PRSLQD;
				GENERATE_INFOPLIST_FILE = YES;
				IPHONEOS_DEPLOYMENT_TARGET = 16.4;
				MARKETING_VERSION = 1.0;
				PRODUCT_BUNDLE_IDENTIFIER = yessenia.ramos.EventsAppTests;
				PRODUCT_NAME = "$(TARGET_NAME)";
				SWIFT_EMIT_LOC_STRINGS = NO;
				SWIFT_VERSION = 5.0;
				TARGETED_DEVICE_FAMILY = "1,2";
				TEST_HOST = "$(BUILT_PRODUCTS_DIR)/EventsApp.app/$(BUNDLE_EXECUTABLE_FOLDER_PATH)/EventsApp";
			};
			name = Debug;
		};
		86C0484429F89BC2003E68FF /* Release */ = {
			isa = XCBuildConfiguration;
			buildSettings = {
				ALWAYS_EMBED_SWIFT_STANDARD_LIBRARIES = YES;
				BUNDLE_LOADER = "$(TEST_HOST)";
				CODE_SIGN_STYLE = Automatic;
				CURRENT_PROJECT_VERSION = 1;
				DEVELOPMENT_TEAM = Z8C8PRSLQD;
				GENERATE_INFOPLIST_FILE = YES;
				IPHONEOS_DEPLOYMENT_TARGET = 16.4;
				MARKETING_VERSION = 1.0;
				PRODUCT_BUNDLE_IDENTIFIER = yessenia.ramos.EventsAppTests;
				PRODUCT_NAME = "$(TARGET_NAME)";
				SWIFT_EMIT_LOC_STRINGS = NO;
				SWIFT_VERSION = 5.0;
				TARGETED_DEVICE_FAMILY = "1,2";
				TEST_HOST = "$(BUILT_PRODUCTS_DIR)/EventsApp.app/$(BUNDLE_EXECUTABLE_FOLDER_PATH)/EventsApp";
			};
			name = Release;
		};
		86C0484629F89BC2003E68FF /* Debug */ = {
			isa = XCBuildConfiguration;
			buildSettings = {
				ALWAYS_EMBED_SWIFT_STANDARD_LIBRARIES = YES;
				CODE_SIGN_STYLE = Automatic;
				CURRENT_PROJECT_VERSION = 1;
				DEVELOPMENT_TEAM = Z8C8PRSLQD;
				GENERATE_INFOPLIST_FILE = YES;
				MARKETING_VERSION = 1.0;
				PRODUCT_BUNDLE_IDENTIFIER = yessenia.ramos.EventsAppUITests;
				PRODUCT_NAME = "$(TARGET_NAME)";
				SWIFT_EMIT_LOC_STRINGS = NO;
				SWIFT_VERSION = 5.0;
				TARGETED_DEVICE_FAMILY = "1,2";
				TEST_TARGET_NAME = EventsApp;
			};
			name = Debug;
		};
		86C0484729F89BC2003E68FF /* Release */ = {
			isa = XCBuildConfiguration;
			buildSettings = {
				ALWAYS_EMBED_SWIFT_STANDARD_LIBRARIES = YES;
				CODE_SIGN_STYLE = Automatic;
				CURRENT_PROJECT_VERSION = 1;
				DEVELOPMENT_TEAM = Z8C8PRSLQD;
				GENERATE_INFOPLIST_FILE = YES;
				MARKETING_VERSION = 1.0;
				PRODUCT_BUNDLE_IDENTIFIER = yessenia.ramos.EventsAppUITests;
				PRODUCT_NAME = "$(TARGET_NAME)";
				SWIFT_EMIT_LOC_STRINGS = NO;
				SWIFT_VERSION = 5.0;
				TARGETED_DEVICE_FAMILY = "1,2";
				TEST_TARGET_NAME = EventsApp;
			};
			name = Release;
		};
/* End XCBuildConfiguration section */

/* Begin XCConfigurationList section */
		86C0481029F89BC1003E68FF /* Build configuration list for PBXProject "EventsApp" */ = {
			isa = XCConfigurationList;
			buildConfigurations = (
				86C0483D29F89BC2003E68FF /* Debug */,
				86C0483E29F89BC2003E68FF /* Release */,
			);
			defaultConfigurationIsVisible = 0;
			defaultConfigurationName = Release;
		};
		86C0483F29F89BC2003E68FF /* Build configuration list for PBXNativeTarget "EventsApp" */ = {
			isa = XCConfigurationList;
			buildConfigurations = (
				86C0484029F89BC2003E68FF /* Debug */,
				86C0484129F89BC2003E68FF /* Release */,
			);
			defaultConfigurationIsVisible = 0;
			defaultConfigurationName = Release;
		};
		86C0484229F89BC2003E68FF /* Build configuration list for PBXNativeTarget "EventsAppTests" */ = {
			isa = XCConfigurationList;
			buildConfigurations = (
				86C0484329F89BC2003E68FF /* Debug */,
				86C0484429F89BC2003E68FF /* Release */,
			);
			defaultConfigurationIsVisible = 0;
			defaultConfigurationName = Release;
		};
		86C0484529F89BC2003E68FF /* Build configuration list for PBXNativeTarget "EventsAppUITests" */ = {
			isa = XCConfigurationList;
			buildConfigurations = (
				86C0484629F89BC2003E68FF /* Debug */,
				86C0484729F89BC2003E68FF /* Release */,
			);
			defaultConfigurationIsVisible = 0;
			defaultConfigurationName = Release;
		};
/* End XCConfigurationList section */

/* Begin XCVersionGroup section */
		865BA87D2A1FDD0000E231B2 /* EventsApp.xcdatamodeld */ = {
			isa = XCVersionGroup;
			children = (
				865BA87E2A1FDD0000E231B2 /* EventsApp.xcdatamodel */,
			);
			currentVersion = 865BA87E2A1FDD0000E231B2 /* EventsApp.xcdatamodel */;
			path = EventsApp.xcdatamodeld;
			sourceTree = "<group>";
			versionGroupType = wrapper.xcdatamodel;
		};
/* End XCVersionGroup section */
	};
	rootObject = 86C0480D29F89BC1003E68FF /* Project object */;
}
